
Microsoft Visual Studio Solution File, Format Version 12.00
# Visual Studio Version 17
VisualStudioVersion = 17.11.35208.52
MinimumVisualStudioVersion = 10.0.40219.1
Project("{FAE04EC0-301F-11D3-BF4B-00C04F79EFBC}") = "ConversionMVC", "ConversionMVC\ConversionMVC.csproj", "{67D7CF9D-BDA5-4DBF-A4BC-D72BA6F8762D}"
EndProject
Global
	GlobalSection(SolutionConfigurationPlatforms) = preSolution
		Debug|Any CPU = Debug|Any CPU
		Release|Any CPU = Release|Any CPU
	EndGlobalSection
	GlobalSection(ProjectConfigurationPlatforms) = postSolution
		{67D7CF9D-BDA5-4DBF-A4BC-D72BA6F8762D}.Debug|Any CPU.ActiveCfg = Debug|Any CPU
		{67D7CF9D-BDA5-4DBF-A4BC-D72BA6F8762D}.Debug|Any CPU.Build.0 = Debug|Any CPU
		{67D7CF9D-BDA5-4DBF-A4BC-D72BA6F8762D}.Release|Any CPU.ActiveCfg = Release|Any CPU
		{67D7CF9D-BDA5-4DBF-A4BC-D72BA6F8762D}.Release|Any CPU.Build.0 = Release|Any CPU
	EndGlobalSection
	GlobalSection(SolutionProperties) = preSolution
		HideSolutionNode = FALSE
	EndGlobalSection
	GlobalSection(ExtensibilityGlobals) = postSolution
		SolutionGuid = {23E3D721-FAC1-473C-91E3-29D9F3CF5793}
	EndGlobalSection
EndGlobal
